
Microsoft Visual Studio Solution File, Format Version 12.00
# Visual Studio 15
VisualStudioVersion = 15.0.27703.2042
MinimumVisualStudioVersion = 10.0.40219.1
Project("{FAE04EC0-301F-11D3-BF4B-00C04F79EFBC}") = "GothicSaveEditor", "GothicSaveEditor.csproj", "{38372BFA-860A-42E8-854F-3A9D3B8586AB}"
EndProject
Global
	GlobalSection(SolutionConfigurationPlatforms) = preSolution
		Debug|Any CPU = Debug|Any CPU
		Release|Any CPU = Release|Any CPU
	EndGlobalSection
	GlobalSection(ProjectConfigurationPlatforms) = postSolution
		{38372BFA-860A-42E8-854F-3A9D3B8586AB}.Debug|Any CPU.ActiveCfg = Debug|Any CPU
		{38372BFA-860A-42E8-854F-3A9D3B8586AB}.Debug|Any CPU.Build.0 = Debug|Any CPU
		{38372BFA-860A-42E8-854F-3A9D3B8586AB}.Release|Any CPU.ActiveCfg = Release|Any CPU
		{38372BFA-860A-42E8-854F-3A9D3B8586AB}.Release|Any CPU.Build.0 = Release|Any CPU
	EndGlobalSection
	GlobalSection(SolutionProperties) = preSolution
		HideSolutionNode = FALSE
	EndGlobalSection
	GlobalSection(ExtensibilityGlobals) = postSolution
		SolutionGuid = {5666BE7E-8756-4693-AD0A-112E32B2846F}
	EndGlobalSection
EndGlobal
